// !$*UTF8*$!
{
	archiveVersion = 1;
	classes = {
	};
	objectVersion = 46;
	objects = {

/* Begin PBXBuildFile section */
		20D9A1881DC74B7C006C0FE0 /* AppDelegate.swift in Sources */ = {isa = PBXBuildFile; fileRef = 20D9A1871DC74B7C006C0FE0 /* AppDelegate.swift */; };
		20D9A18A1DC74B7C006C0FE0 /* ViewController.swift in Sources */ = {isa = PBXBuildFile; fileRef = 20D9A1891DC74B7C006C0FE0 /* ViewController.swift */; };
		20D9A18D1DC74B7C006C0FE0 /* Main.storyboard in Resources */ = {isa = PBXBuildFile; fileRef = 20D9A18B1DC74B7C006C0FE0 /* Main.storyboard */; };
		20D9A18F1DC74B7C006C0FE0 /* Assets.xcassets in Resources */ = {isa = PBXBuildFile; fileRef = 20D9A18E1DC74B7C006C0FE0 /* Assets.xcassets */; };
		20D9A1921DC74B7C006C0FE0 /* LaunchScreen.storyboard in Resources */ = {isa = PBXBuildFile; fileRef = 20D9A1901DC74B7C006C0FE0 /* LaunchScreen.storyboard */; };
		20D9A19A1DC74BCC006C0FE0 /* ListTableViewController.swift in Sources */ = {isa = PBXBuildFile; fileRef = 20D9A1991DC74BCC006C0FE0 /* ListTableViewController.swift */; };
		20D9A19C1DC74CB9006C0FE0 /* AddViewController.swift in Sources */ = {isa = PBXBuildFile; fileRef = 20D9A19B1DC74CB9006C0FE0 /* AddViewController.swift */; };
/* End PBXBuildFile section */

/* Begin PBXFileReference section */
		20D9A1841DC74B7C006C0FE0 /* ToDoSwifter1.app */ = {isa = PBXFileReference; explicitFileType = wrapper.application; includeInIndex = 0; path = ToDoSwifter1.app; sourceTree = BUILT_PRODUCTS_DIR; };
		20D9A1871DC74B7C006C0FE0 /* AppDelegate.swift */ = {isa = PBXFileReference; lastKnownFileType = sourcecode.swift; path = AppDelegate.swift; sourceTree = "<group>"; };
		20D9A1891DC74B7C006C0FE0 /* ViewController.swift */ = {isa = PBXFileReference; lastKnownFileType = sourcecode.swift; path = ViewController.swift; sourceTree = "<group>"; };
		20D9A18C1DC74B7C006C0FE0 /* Base */ = {isa = PBXFileReference; lastKnownFileType = file.storyboard; name = Base; path = Base.lproj/Main.storyboard; sourceTree = "<group>"; };
		20D9A18E1DC74B7C006C0FE0 /* Assets.xcassets */ = {isa = PBXFileReference; lastKnownFileType = folder.assetcatalog; path = Assets.xcassets; sourceTree = "<group>"; };
		20D9A1911DC74B7C006C0FE0 /* Base */ = {isa = PBXFileReference; lastKnownFileType = file.storyboard; name = Base; path = Base.lproj/LaunchScreen.storyboard; sourceTree = "<group>"; };
		20D9A1931DC74B7C006C0FE0 /* Info.plist */ = {isa = PBXFileReference; lastKnownFileType = text.plist.xml; path = Info.plist; sourceTree = "<group>"; };
		20D9A1991DC74BCC006C0FE0 /* ListTableViewController.swift */ = {isa = PBXFileReference; fileEncoding = 4; lastKnownFileType = sourcecode.swift; path = ListTableViewController.swift; sourceTree = "<group>"; };
		20D9A19B1DC74CB9006C0FE0 /* AddViewController.swift */ = {isa = PBXFileReference; fileEncoding = 4; lastKnownFileType = sourcecode.swift; path = AddViewController.swift; sourceTree = "<group>"; };
/* End PBXFileReference section */

/* Begin PBXFrameworksBuildPhase section */
		20D9A1811DC74B7C006C0FE0 /* Frameworks */ = {
			isa = PBXFrameworksBuildPhase;
			buildActionMask = 2147483647;
			files = (
			);
			runOnlyForDeploymentPostprocessing = 0;
		};
/* End PBXFrameworksBuildPhase section */

/* Begin PBXGroup section */
		20D9A17B1DC74B7C006C0FE0 = {
			isa = PBXGroup;
			children = (
				20D9A1861DC74B7C006C0FE0 /* ToDoSwifter1 */,
				20D9A1851DC74B7C006C0FE0 /* Products */,
			);
			sourceTree = "<group>";
		};
		20D9A1851DC74B7C006C0FE0 /* Products */ = {
			isa = PBXGroup;
			children = (
				20D9A1841DC74B7C006C0FE0 /* ToDoSwifter1.app */,
			);
			name = Products;
			sourceTree = "<group>";
		};
		20D9A1861DC74B7C006C0FE0 /* ToDoSwifter1 */ = {
			isa = PBXGroup;
			children = (
				20D9A1871DC74B7C006C0FE0 /* AppDelegate.swift */,
				20D9A1891DC74B7C006C0FE0 /* ViewController.swift */,
				20D9A1991DC74BCC006C0FE0 /* ListTableViewController.swift */,
				20D9A19B1DC74CB9006C0FE0 /* AddViewController.swift */,
				20D9A18B1DC74B7C006C0FE0 /* Main.storyboard */,
				20D9A18E1DC74B7C006C0FE0 /* Assets.xcassets */,
				20D9A1901DC74B7C006C0FE0 /* LaunchScreen.storyboard */,
				20D9A1931DC74B7C006C0FE0 /* Info.plist */,
			);
			path = ToDoSwifter1;
			sourceTree = "<group>";
		};
/* End PBXGroup section */

/* Begin PBXNativeTarget section */
		20D9A1831DC74B7C006C0FE0 /* ToDoSwifter1 */ = {
			isa = PBXNativeTarget;
			buildConfigurationList = 20D9A1961DC74B7C006C0FE0 /* Build configuration list for PBXNativeTarget "ToDoSwifter1" */;
			buildPhases = (
				20D9A1801DC74B7C006C0FE0 /* Sources */,
				20D9A1811DC74B7C006C0FE0 /* Frameworks */,
				20D9A1821DC74B7C006C0FE0 /* Resources */,
			);
			buildRules = (
			);
			dependencies = (
			);
			name = ToDoSwifter1;
			productName = ToDoSwifter1;
			productReference = 20D9A1841DC74B7C006C0FE0 /* ToDoSwifter1.app */;
			productType = "com.apple.product-type.application";
		};
/* End PBXNativeTarget section */

/* Begin PBXProject section */
		20D9A17C1DC74B7C006C0FE0 /* Project object */ = {
			isa = PBXProject;
			attributes = {
				LastSwiftUpdateCheck = 0810;
				LastUpgradeCheck = 0810;
				ORGANIZATIONNAME = KatoTakashi;
				TargetAttributes = {
					20D9A1831DC74B7C006C0FE0 = {
						CreatedOnToolsVersion = 8.1;
						ProvisioningStyle = Automatic;
					};
				};
			};
			buildConfigurationList = 20D9A17F1DC74B7C006C0FE0 /* Build configuration list for PBXProject "ToDoSwifter1" */;
			compatibilityVersion = "Xcode 3.2";
			developmentRegion = English;
			hasScannedForEncodings = 0;
			knownRegions = (
				en,
				Base,
			);
			mainGroup = 20D9A17B1DC74B7C006C0FE0;
			productRefGroup = 20D9A1851DC74B7C006C0FE0 /* Products */;
			projectDirPath = "";
			projectRoot = "";
			targets = (
				20D9A1831DC74B7C006C0FE0 /* ToDoSwifter1 */,
			);
		};
/* End PBXProject section */

/* Begin PBXResourcesBuildPhase section */
		20D9A1821DC74B7C006C0FE0 /* Resources */ = {
			isa = PBXResourcesBuildPhase;
			buildActionMask = 2147483647;
			files = (
				20D9A1921DC74B7C006C0FE0 /* LaunchScreen.storyboard in Resources */,
				20D9A18F1DC74B7C006C0FE0 /* Assets.xcassets in Resources */,
				20D9A18D1DC74B7C006C0FE0 /* Main.storyboard in Resources */,
			);
			runOnlyForDeploymentPostprocessing = 0;
		};
/* End PBXResourcesBuildPhase section */

/* Begin PBXSourcesBuildPhase section */
		20D9A1801DC74B7C006C0FE0 /* Sources */ = {
			isa = PBXSourcesBuildPhase;
			buildActionMask = 2147483647;
			files = (
				20D9A19A1DC74BCC006C0FE0 /* ListTableViewController.swift in Sources */,
				20D9A18A1DC74B7C006C0FE0 /* ViewController.swift in Sources */,
				20D9A19C1DC74CB9006C0FE0 /* AddViewController.swift in Sources */,
				20D9A1881DC74B7C006C0FE0 /* AppDelegate.swift in Sources */,
			);
			runOnlyForDeploymentPostprocessing = 0;
		};
/* End PBXSourcesBuildPhase section */

/* Begin PBXVariantGroup section */
		20D9A18B1DC74B7C006C0FE0 /* Main.storyboard */ = {
			isa = PBXVariantGroup;
			children = (
				20D9A18C1DC74B7C006C0FE0 /* Base */,
			);
			name = Main.storyboard;
			sourceTree = "<group>";
		};
		20D9A1901DC74B7C006C0FE0 /* LaunchScreen.storyboard */ = {
			isa = PBXVariantGroup;
			children = (
				20D9A1911DC74B7C006C0FE0 /* Base */,
			);
			name = LaunchScreen.storyboard;
			sourceTree = "<group>";
		};
/* End PBXVariantGroup section */

/* Begin XCBuildConfiguration section */
		20D9A1941DC74B7C006C0FE0 /* Debug */ = {
			isa = XCBuildConfiguration;
			buildSettings = {
				ALWAYS_SEARCH_USER_PATHS = NO;
				CLANG_ANALYZER_NONNULL = YES;
				CLANG_CXX_LANGUAGE_STANDARD = "gnu++0x";
				CLANG_CXX_LIBRARY = "libc++";
				CLANG_ENABLE_MODULES = YES;
				CLANG_ENABLE_OBJC_ARC = YES;
				CLANG_WARN_BOOL_CONVERSION = YES;
				CLANG_WARN_CONSTANT_CONVERSION = YES;
				CLANG_WARN_DIRECT_OBJC_ISA_USAGE = YES_ERROR;
				CLANG_WARN_DOCUMENTATION_COMMENTS = YES;
				CLANG_WARN_EMPTY_BODY = YES;
				CLANG_WARN_ENUM_CONVERSION = YES;
				CLANG_WARN_INFINITE_RECURSION = YES;
				CLANG_WARN_INT_CONVERSION = YES;
				CLANG_WARN_OBJC_ROOT_CLASS = YES_ERROR;
				CLANG_WARN_SUSPICIOUS_MOVES = YES;
				CLANG_WARN_UNREACHABLE_CODE = YES;
				CLANG_WARN__DUPLICATE_METHOD_MATCH = YES;
				"CODE_SIGN_IDENTITY[sdk=iphoneos*]" = "iPhone Developer";
				COPY_PHASE_STRIP = NO;
				DEBUG_INFORMATION_FORMAT = dwarf;
				ENABLE_STRICT_OBJC_MSGSEND = YES;
				ENABLE_TESTABILITY = YES;
				GCC_C_LANGUAGE_STANDARD = gnu99;
				GCC_DYNAMIC_NO_PIC = NO;
				GCC_NO_COMMON_BLOCKS = YES;
				GCC_OPTIMIZATION_LEVEL = 0;
				GCC_PREPROCESSOR_DEFINITIONS = (
					"DEBUG=1",
					"$(inherited)",
				);
				GCC_WARN_64_TO_32_BIT_CONVERSION = YES;
				GCC_WARN_ABOUT_RETURN_TYPE = YES_ERROR;
				GCC_WARN_UNDECLARED_SELECTOR = YES;
				GCC_WARN_UNINITIALIZED_AUTOS = YES_AGGRESSIVE;
				GCC_WARN_UNUSED_FUNCTION = YES;
				GCC_WARN_UNUSED_VARIABLE = YES;
				IPHONEOS_DEPLOYMENT_TARGET = 10.1;
				MTL_ENABLE_DEBUG_INFO = YES;
				ONLY_ACTIVE_ARCH = YES;
				SDKROOT = iphoneos;
				SWIFT_ACTIVE_COMPILATION_CONDITIONS = DEBUG;
				SWIFT_OPTIMIZATION_LEVEL = "-Onone";
			};
			name = Debug;
		};
		20D9A1951DC74B7C006C0FE0 /* Release */ = {
			isa = XCBuildConfiguration;
			buildSettings = {
				ALWAYS_SEARCH_USER_PATHS = NO;
				CLANG_ANALYZER_NONNULL = YES;
				CLANG_CXX_LANGUAGE_STANDARD = "gnu++0x";
				CLANG_CXX_LIBRARY = "libc++";
				CLANG_ENABLE_MODULES = YES;
				CLANG_ENABLE_OBJC_ARC = YES;
				CLANG_WARN_BOOL_CONVERSION = YES;
				CLANG_WARN_CONSTANT_CONVERSION = YES;
				CLANG_WARN_DIRECT_OBJC_ISA_USAGE = YES_ERROR;
				CLANG_WARN_DOCUMENTATION_COMMENTS = YES;
				CLANG_WARN_EMPTY_BODY = YES;
				CLANG_WARN_ENUM_CONVERSION = YES;
				CLANG_WARN_INFINITE_RECURSION = YES;
				CLANG_WARN_INT_CONVERSION = YES;
				CLANG_WARN_OBJC_ROOT_CLASS = YES_ERROR;
				CLANG_WARN_SUSPICIOUS_MOVES = YES;
				CLANG_WARN_UNREACHABLE_CODE = YES;
				CLANG_WARN__DUPLICATE_METHOD_MATCH = YES;
				"CODE_SIGN_IDENTITY[sdk=iphoneos*]" = "iPhone Developer";
				COPY_PHASE_STRIP = NO;
				DEBUG_INFORMATION_FORMAT = "dwarf-with-dsym";
				ENABLE_NS_ASSERTIONS = NO;
				ENABLE_STRICT_OBJC_MSGSEND = YES;
				GCC_C_LANGUAGE_STANDARD = gnu99;
				GCC_NO_COMMON_BLOCKS = YES;
				GCC_WARN_64_TO_32_BIT_CONVERSION = YES;
				GCC_WARN_ABOUT_RETURN_TYPE = YES_ERROR;
				GCC_WARN_UNDECLARED_SELECTOR = YES;
				GCC_WARN_UNINITIALIZED_AUTOS = YES_AGGRESSIVE;
				GCC_WARN_UNUSED_FUNCTION = YES;
				GCC_WARN_UNUSED_VARIABLE = YES;
				IPHONEOS_DEPLOYMENT_TARGET = 10.1;
				MTL_ENABLE_DEBUG_INFO = NO;
				SDKROOT = iphoneos;
				SWIFT_OPTIMIZATION_LEVEL = "-Owholemodule";
				VALIDATE_PRODUCT = YES;
			};
			name = Release;
		};
		20D9A1971DC74B7C006C0FE0 /* Debug */ = {
			isa = XCBuildConfiguration;
			buildSettings = {
				ASSETCATALOG_COMPILER_APPICON_NAME = AppIcon;
				INFOPLIST_FILE = ToDoSwifter1/Info.plist;
				LD_RUNPATH_SEARCH_PATHS = "$(inherited) @executable_path/Frameworks";
				PRODUCT_BUNDLE_IDENTIFIER = "com.lucky-ponies.ToDoSwifter1";
				PRODUCT_NAME = "$(TARGET_NAME)";
				SWIFT_VERSION = 3.0;
			};
			name = Debug;
		};
		20D9A1981DC74B7C006C0FE0 /* Release */ = {
			isa = XCBuildConfiguration;
			buildSettings = {
				ASSETCATALOG_COMPILER_APPICON_NAME = AppIcon;
				INFOPLIST_FILE = ToDoSwifter1/Info.plist;
				LD_RUNPATH_SEARCH_PATHS = "$(inherited) @executable_path/Frameworks";
				PRODUCT_BUNDLE_IDENTIFIER = "com.lucky-ponies.ToDoSwifter1";
				PRODUCT_NAME = "$(TARGET_NAME)";
				SWIFT_VERSION = 3.0;
			};
			name = Release;
		};
/* End XCBuildConfiguration section */

/* Begin XCConfigurationList section */
		20D9A17F1DC74B7C006C0FE0 /* Build configuration list for PBXProject "ToDoSwifter1" */ = {
			isa = XCConfigurationList;
			buildConfigurations = (
				20D9A1941DC74B7C006C0FE0 /* Debug */,
				20D9A1951DC74B7C006C0FE0 /* Release */,
			);
			defaultConfigurationIsVisible = 0;
			defaultConfigurationName = Release;
		};
		20D9A1961DC74B7C006C0FE0 /* Build configuration list for PBXNativeTarget "ToDoSwifter1" */ = {
			isa = XCConfigurationList;
			buildConfigurations = (
				20D9A1971DC74B7C006C0FE0 /* Debug */,
				20D9A1981DC74B7C006C0FE0 /* Release */,
			);
			defaultConfigurationIsVisible = 0;
		};
/* End XCConfigurationList section */
	};
	rootObject = 20D9A17C1DC74B7C006C0FE0 /* Project object */;
}
