// !$*UTF8*$!
{
	archiveVersion = 1;
	classes = {
	};
	objectVersion = 46;
	objects = {

/* Begin PBXBuildFile section */
		204DD4811DC0235F0065DC61 /* AVFoundation.framework in Frameworks */ = {isa = PBXBuildFile; fileRef = 204DD4801DC0235F0065DC61 /* AVFoundation.framework */; };
		209FDA771DBED08100F9FF89 /* AppDelegate.swift in Sources */ = {isa = PBXBuildFile; fileRef = 209FDA761DBED08100F9FF89 /* AppDelegate.swift */; };
		209FDA791DBED08100F9FF89 /* ViewController.swift in Sources */ = {isa = PBXBuildFile; fileRef = 209FDA781DBED08100F9FF89 /* ViewController.swift */; };
		209FDA7C1DBED08100F9FF89 /* Main.storyboard in Resources */ = {isa = PBXBuildFile; fileRef = 209FDA7A1DBED08100F9FF89 /* Main.storyboard */; };
		209FDA7E1DBED08100F9FF89 /* Assets.xcassets in Resources */ = {isa = PBXBuildFile; fileRef = 209FDA7D1DBED08100F9FF89 /* Assets.xcassets */; };
		209FDA811DBED08100F9FF89 /* LaunchScreen.storyboard in Resources */ = {isa = PBXBuildFile; fileRef = 209FDA7F1DBED08100F9FF89 /* LaunchScreen.storyboard */; };
		209FDA8F1DBED0B700F9FF89 /* baby.mp3 in Resources */ = {isa = PBXBuildFile; fileRef = 209FDA881DBED0B700F9FF89 /* baby.mp3 */; };
		209FDA901DBED0B700F9FF89 /* background.jpg in Resources */ = {isa = PBXBuildFile; fileRef = 209FDA891DBED0B700F9FF89 /* background.jpg */; };
		209FDA911DBED0B700F9FF89 /* call.png in Resources */ = {isa = PBXBuildFile; fileRef = 209FDA8A1DBED0B700F9FF89 /* call.png */; };
		209FDA921DBED0B700F9FF89 /* callMusic.mp3 in Resources */ = {isa = PBXBuildFile; fileRef = 209FDA8B1DBED0B700F9FF89 /* callMusic.mp3 */; };
		209FDA931DBED0B700F9FF89 /* callplay1.png in Resources */ = {isa = PBXBuildFile; fileRef = 209FDA8C1DBED0B700F9FF89 /* callplay1.png */; };
		209FDA941DBED0B700F9FF89 /* callplay2.png in Resources */ = {isa = PBXBuildFile; fileRef = 209FDA8D1DBED0B700F9FF89 /* callplay2.png */; };
		209FDA951DBED0B700F9FF89 /* child.jpg in Resources */ = {isa = PBXBuildFile; fileRef = 209FDA8E1DBED0B700F9FF89 /* child.jpg */; };
		209FDA971DBED64900F9FF89 /* SoundViewController.swift in Sources */ = {isa = PBXBuildFile; fileRef = 209FDA961DBED64900F9FF89 /* SoundViewController.swift */; };
/* End PBXBuildFile section */

/* Begin PBXFileReference section */
		204DD4801DC0235F0065DC61 /* AVFoundation.framework */ = {isa = PBXFileReference; lastKnownFileType = wrapper.framework; name = AVFoundation.framework; path = System/Library/Frameworks/AVFoundation.framework; sourceTree = SDKROOT; };
		209FDA731DBED08100F9FF89 /* SwiftMousouLINE.app */ = {isa = PBXFileReference; explicitFileType = wrapper.application; includeInIndex = 0; path = SwiftMousouLINE.app; sourceTree = BUILT_PRODUCTS_DIR; };
		209FDA761DBED08100F9FF89 /* AppDelegate.swift */ = {isa = PBXFileReference; lastKnownFileType = sourcecode.swift; path = AppDelegate.swift; sourceTree = "<group>"; };
		209FDA781DBED08100F9FF89 /* ViewController.swift */ = {isa = PBXFileReference; lastKnownFileType = sourcecode.swift; path = ViewController.swift; sourceTree = "<group>"; };
		209FDA7B1DBED08100F9FF89 /* Base */ = {isa = PBXFileReference; lastKnownFileType = file.storyboard; name = Base; path = Base.lproj/Main.storyboard; sourceTree = "<group>"; };
		209FDA7D1DBED08100F9FF89 /* Assets.xcassets */ = {isa = PBXFileReference; lastKnownFileType = folder.assetcatalog; path = Assets.xcassets; sourceTree = "<group>"; };
		209FDA801DBED08100F9FF89 /* Base */ = {isa = PBXFileReference; lastKnownFileType = file.storyboard; name = Base; path = Base.lproj/LaunchScreen.storyboard; sourceTree = "<group>"; };
		209FDA821DBED08100F9FF89 /* Info.plist */ = {isa = PBXFileReference; lastKnownFileType = text.plist.xml; path = Info.plist; sourceTree = "<group>"; };
		209FDA881DBED0B700F9FF89 /* baby.mp3 */ = {isa = PBXFileReference; lastKnownFileType = audio.mp3; path = baby.mp3; sourceTree = "<group>"; };
		209FDA891DBED0B700F9FF89 /* background.jpg */ = {isa = PBXFileReference; lastKnownFileType = image.jpeg; path = background.jpg; sourceTree = "<group>"; };
		209FDA8A1DBED0B700F9FF89 /* call.png */ = {isa = PBXFileReference; lastKnownFileType = image.png; path = call.png; sourceTree = "<group>"; };
		209FDA8B1DBED0B700F9FF89 /* callMusic.mp3 */ = {isa = PBXFileReference; lastKnownFileType = audio.mp3; path = callMusic.mp3; sourceTree = "<group>"; };
		209FDA8C1DBED0B700F9FF89 /* callplay1.png */ = {isa = PBXFileReference; lastKnownFileType = image.png; path = callplay1.png; sourceTree = "<group>"; };
		209FDA8D1DBED0B700F9FF89 /* callplay2.png */ = {isa = PBXFileReference; lastKnownFileType = image.png; path = callplay2.png; sourceTree = "<group>"; };
		209FDA8E1DBED0B700F9FF89 /* child.jpg */ = {isa = PBXFileReference; lastKnownFileType = image.jpeg; path = child.jpg; sourceTree = "<group>"; };
		209FDA961DBED64900F9FF89 /* SoundViewController.swift */ = {isa = PBXFileReference; fileEncoding = 4; lastKnownFileType = sourcecode.swift; path = SoundViewController.swift; sourceTree = "<group>"; };
/* End PBXFileReference section */

/* Begin PBXFrameworksBuildPhase section */
		209FDA701DBED08100F9FF89 /* Frameworks */ = {
			isa = PBXFrameworksBuildPhase;
			buildActionMask = 2147483647;
			files = (
				204DD4811DC0235F0065DC61 /* AVFoundation.framework in Frameworks */,
			);
			runOnlyForDeploymentPostprocessing = 0;
		};
/* End PBXFrameworksBuildPhase section */

/* Begin PBXGroup section */
		209FDA6A1DBED08100F9FF89 = {
			isa = PBXGroup;
			children = (
				204DD4801DC0235F0065DC61 /* AVFoundation.framework */,
				209FDA751DBED08100F9FF89 /* SwiftMousouLINE */,
				209FDA741DBED08100F9FF89 /* Products */,
			);
			sourceTree = "<group>";
		};
		209FDA741DBED08100F9FF89 /* Products */ = {
			isa = PBXGroup;
			children = (
				209FDA731DBED08100F9FF89 /* SwiftMousouLINE.app */,
			);
			name = Products;
			sourceTree = "<group>";
		};
		209FDA751DBED08100F9FF89 /* SwiftMousouLINE */ = {
			isa = PBXGroup;
			children = (
				209FDA881DBED0B700F9FF89 /* baby.mp3 */,
				209FDA891DBED0B700F9FF89 /* background.jpg */,
				209FDA8A1DBED0B700F9FF89 /* call.png */,
				209FDA8B1DBED0B700F9FF89 /* callMusic.mp3 */,
				209FDA8C1DBED0B700F9FF89 /* callplay1.png */,
				209FDA8D1DBED0B700F9FF89 /* callplay2.png */,
				209FDA8E1DBED0B700F9FF89 /* child.jpg */,
				209FDA761DBED08100F9FF89 /* AppDelegate.swift */,
				209FDA781DBED08100F9FF89 /* ViewController.swift */,
				209FDA961DBED64900F9FF89 /* SoundViewController.swift */,
				209FDA7A1DBED08100F9FF89 /* Main.storyboard */,
				209FDA7D1DBED08100F9FF89 /* Assets.xcassets */,
				209FDA7F1DBED08100F9FF89 /* LaunchScreen.storyboard */,
				209FDA821DBED08100F9FF89 /* Info.plist */,
			);
			path = SwiftMousouLINE;
			sourceTree = "<group>";
		};
/* End PBXGroup section */

/* Begin PBXNativeTarget section */
		209FDA721DBED08100F9FF89 /* SwiftMousouLINE */ = {
			isa = PBXNativeTarget;
			buildConfigurationList = 209FDA851DBED08100F9FF89 /* Build configuration list for PBXNativeTarget "SwiftMousouLINE" */;
			buildPhases = (
				209FDA6F1DBED08100F9FF89 /* Sources */,
				209FDA701DBED08100F9FF89 /* Frameworks */,
				209FDA711DBED08100F9FF89 /* Resources */,
			);
			buildRules = (
			);
			dependencies = (
			);
			name = SwiftMousouLINE;
			productName = SwiftMousouLINE;
			productReference = 209FDA731DBED08100F9FF89 /* SwiftMousouLINE.app */;
			productType = "com.apple.product-type.application";
		};
/* End PBXNativeTarget section */

/* Begin PBXProject section */
		209FDA6B1DBED08100F9FF89 /* Project object */ = {
			isa = PBXProject;
			attributes = {
				LastSwiftUpdateCheck = 0720;
				LastUpgradeCheck = 0720;
				ORGANIZATIONNAME = KatoTakashi;
				TargetAttributes = {
					209FDA721DBED08100F9FF89 = {
						CreatedOnToolsVersion = 7.2.1;
					};
				};
			};
			buildConfigurationList = 209FDA6E1DBED08100F9FF89 /* Build configuration list for PBXProject "SwiftMousouLINE" */;
			compatibilityVersion = "Xcode 3.2";
			developmentRegion = English;
			hasScannedForEncodings = 0;
			knownRegions = (
				en,
				Base,
			);
			mainGroup = 209FDA6A1DBED08100F9FF89;
			productRefGroup = 209FDA741DBED08100F9FF89 /* Products */;
			projectDirPath = "";
			projectRoot = "";
			targets = (
				209FDA721DBED08100F9FF89 /* SwiftMousouLINE */,
			);
		};
/* End PBXProject section */

/* Begin PBXResourcesBuildPhase section */
		209FDA711DBED08100F9FF89 /* Resources */ = {
			isa = PBXResourcesBuildPhase;
			buildActionMask = 2147483647;
			files = (
				209FDA951DBED0B700F9FF89 /* child.jpg in Resources */,
				209FDA8F1DBED0B700F9FF89 /* baby.mp3 in Resources */,
				209FDA901DBED0B700F9FF89 /* background.jpg in Resources */,
				209FDA811DBED08100F9FF89 /* LaunchScreen.storyboard in Resources */,
				209FDA931DBED0B700F9FF89 /* callplay1.png in Resources */,
				209FDA941DBED0B700F9FF89 /* callplay2.png in Resources */,
				209FDA7E1DBED08100F9FF89 /* Assets.xcassets in Resources */,
				209FDA7C1DBED08100F9FF89 /* Main.storyboard in Resources */,
				209FDA921DBED0B700F9FF89 /* callMusic.mp3 in Resources */,
				209FDA911DBED0B700F9FF89 /* call.png in Resources */,
			);
			runOnlyForDeploymentPostprocessing = 0;
		};
/* End PBXResourcesBuildPhase section */

/* Begin PBXSourcesBuildPhase section */
		209FDA6F1DBED08100F9FF89 /* Sources */ = {
			isa = PBXSourcesBuildPhase;
			buildActionMask = 2147483647;
			files = (
				209FDA791DBED08100F9FF89 /* ViewController.swift in Sources */,
				209FDA971DBED64900F9FF89 /* SoundViewController.swift in Sources */,
				209FDA771DBED08100F9FF89 /* AppDelegate.swift in Sources */,
			);
			runOnlyForDeploymentPostprocessing = 0;
		};
/* End PBXSourcesBuildPhase section */

/* Begin PBXVariantGroup section */
		209FDA7A1DBED08100F9FF89 /* Main.storyboard */ = {
			isa = PBXVariantGroup;
			children = (
				209FDA7B1DBED08100F9FF89 /* Base */,
			);
			name = Main.storyboard;
			sourceTree = "<group>";
		};
		209FDA7F1DBED08100F9FF89 /* LaunchScreen.storyboard */ = {
			isa = PBXVariantGroup;
			children = (
				209FDA801DBED08100F9FF89 /* Base */,
			);
			name = LaunchScreen.storyboard;
			sourceTree = "<group>";
		};
/* End PBXVariantGroup section */

/* Begin XCBuildConfiguration section */
		209FDA831DBED08100F9FF89 /* Debug */ = {
			isa = XCBuildConfiguration;
			buildSettings = {
				ALWAYS_SEARCH_USER_PATHS = NO;
				CLANG_CXX_LANGUAGE_STANDARD = "gnu++0x";
				CLANG_CXX_LIBRARY = "libc++";
				CLANG_ENABLE_MODULES = YES;
				CLANG_ENABLE_OBJC_ARC = YES;
				CLANG_WARN_BOOL_CONVERSION = YES;
				CLANG_WARN_CONSTANT_CONVERSION = YES;
				CLANG_WARN_DIRECT_OBJC_ISA_USAGE = YES_ERROR;
				CLANG_WARN_EMPTY_BODY = YES;
				CLANG_WARN_ENUM_CONVERSION = YES;
				CLANG_WARN_INT_CONVERSION = YES;
				CLANG_WARN_OBJC_ROOT_CLASS = YES_ERROR;
				CLANG_WARN_UNREACHABLE_CODE = YES;
				CLANG_WARN__DUPLICATE_METHOD_MATCH = YES;
				"CODE_SIGN_IDENTITY[sdk=iphoneos*]" = "iPhone Developer";
				COPY_PHASE_STRIP = NO;
				DEBUG_INFORMATION_FORMAT = dwarf;
				ENABLE_STRICT_OBJC_MSGSEND = YES;
				ENABLE_TESTABILITY = YES;
				GCC_C_LANGUAGE_STANDARD = gnu99;
				GCC_DYNAMIC_NO_PIC = NO;
				GCC_NO_COMMON_BLOCKS = YES;
				GCC_OPTIMIZATION_LEVEL = 0;
				GCC_PREPROCESSOR_DEFINITIONS = (
					"DEBUG=1",
					"$(inherited)",
				);
				GCC_WARN_64_TO_32_BIT_CONVERSION = YES;
				GCC_WARN_ABOUT_RETURN_TYPE = YES_ERROR;
				GCC_WARN_UNDECLARED_SELECTOR = YES;
				GCC_WARN_UNINITIALIZED_AUTOS = YES_AGGRESSIVE;
				GCC_WARN_UNUSED_FUNCTION = YES;
				GCC_WARN_UNUSED_VARIABLE = YES;
				IPHONEOS_DEPLOYMENT_TARGET = 9.2;
				MTL_ENABLE_DEBUG_INFO = YES;
				ONLY_ACTIVE_ARCH = YES;
				SDKROOT = iphoneos;
				SWIFT_OPTIMIZATION_LEVEL = "-Onone";
			};
			name = Debug;
		};
		209FDA841DBED08100F9FF89 /* Release */ = {
			isa = XCBuildConfiguration;
			buildSettings = {
				ALWAYS_SEARCH_USER_PATHS = NO;
				CLANG_CXX_LANGUAGE_STANDARD = "gnu++0x";
				CLANG_CXX_LIBRARY = "libc++";
				CLANG_ENABLE_MODULES = YES;
				CLANG_ENABLE_OBJC_ARC = YES;
				CLANG_WARN_BOOL_CONVERSION = YES;
				CLANG_WARN_CONSTANT_CONVERSION = YES;
				CLANG_WARN_DIRECT_OBJC_ISA_USAGE = YES_ERROR;
				CLANG_WARN_EMPTY_BODY = YES;
				CLANG_WARN_ENUM_CONVERSION = YES;
				CLANG_WARN_INT_CONVERSION = YES;
				CLANG_WARN_OBJC_ROOT_CLASS = YES_ERROR;
				CLANG_WARN_UNREACHABLE_CODE = YES;
				CLANG_WARN__DUPLICATE_METHOD_MATCH = YES;
				"CODE_SIGN_IDENTITY[sdk=iphoneos*]" = "iPhone Developer";
				COPY_PHASE_STRIP = NO;
				DEBUG_INFORMATION_FORMAT = "dwarf-with-dsym";
				ENABLE_NS_ASSERTIONS = NO;
				ENABLE_STRICT_OBJC_MSGSEND = YES;
				GCC_C_LANGUAGE_STANDARD = gnu99;
				GCC_NO_COMMON_BLOCKS = YES;
				GCC_WARN_64_TO_32_BIT_CONVERSION = YES;
				GCC_WARN_ABOUT_RETURN_TYPE = YES_ERROR;
				GCC_WARN_UNDECLARED_SELECTOR = YES;
				GCC_WARN_UNINITIALIZED_AUTOS = YES_AGGRESSIVE;
				GCC_WARN_UNUSED_FUNCTION = YES;
				GCC_WARN_UNUSED_VARIABLE = YES;
				IPHONEOS_DEPLOYMENT_TARGET = 9.2;
				MTL_ENABLE_DEBUG_INFO = NO;
				SDKROOT = iphoneos;
				VALIDATE_PRODUCT = YES;
			};
			name = Release;
		};
		209FDA861DBED08100F9FF89 /* Debug */ = {
			isa = XCBuildConfiguration;
			buildSettings = {
				ASSETCATALOG_COMPILER_APPICON_NAME = AppIcon;
				INFOPLIST_FILE = SwiftMousouLINE/Info.plist;
				LD_RUNPATH_SEARCH_PATHS = "$(inherited) @executable_path/Frameworks";
				PRODUCT_BUNDLE_IDENTIFIER = "com.lucky-ponies.SwiftMousouLINE";
				PRODUCT_NAME = "$(TARGET_NAME)";
			};
			name = Debug;
		};
		209FDA871DBED08100F9FF89 /* Release */ = {
			isa = XCBuildConfiguration;
			buildSettings = {
				ASSETCATALOG_COMPILER_APPICON_NAME = AppIcon;
				INFOPLIST_FILE = SwiftMousouLINE/Info.plist;
				LD_RUNPATH_SEARCH_PATHS = "$(inherited) @executable_path/Frameworks";
				PRODUCT_BUNDLE_IDENTIFIER = "com.lucky-ponies.SwiftMousouLINE";
				PRODUCT_NAME = "$(TARGET_NAME)";
			};
			name = Release;
		};
/* End XCBuildConfiguration section */

/* Begin XCConfigurationList section */
		209FDA6E1DBED08100F9FF89 /* Build configuration list for PBXProject "SwiftMousouLINE" */ = {
			isa = XCConfigurationList;
			buildConfigurations = (
				209FDA831DBED08100F9FF89 /* Debug */,
				209FDA841DBED08100F9FF89 /* Release */,
			);
			defaultConfigurationIsVisible = 0;
			defaultConfigurationName = Release;
		};
		209FDA851DBED08100F9FF89 /* Build configuration list for PBXNativeTarget "SwiftMousouLINE" */ = {
			isa = XCConfigurationList;
			buildConfigurations = (
				209FDA861DBED08100F9FF89 /* Debug */,
				209FDA871DBED08100F9FF89 /* Release */,
			);
			defaultConfigurationIsVisible = 0;
			defaultConfigurationName = Release;
		};
/* End XCConfigurationList section */
	};
	rootObject = 209FDA6B1DBED08100F9FF89 /* Project object */;
}
