// !$*UTF8*$!
{
	archiveVersion = 1;
	classes = {
	};
	objectVersion = 46;
	objects = {

/* Begin PBXBuildFile section */
		20B428441DD291E800F83BD4 /* AppDelegate.swift in Sources */ = {isa = PBXBuildFile; fileRef = 20B428431DD291E800F83BD4 /* AppDelegate.swift */; };
		20B428461DD291E800F83BD4 /* ViewController.swift in Sources */ = {isa = PBXBuildFile; fileRef = 20B428451DD291E800F83BD4 /* ViewController.swift */; };
		20B428491DD291E800F83BD4 /* Main.storyboard in Resources */ = {isa = PBXBuildFile; fileRef = 20B428471DD291E800F83BD4 /* Main.storyboard */; };
		20B4284B1DD291E800F83BD4 /* Assets.xcassets in Resources */ = {isa = PBXBuildFile; fileRef = 20B4284A1DD291E800F83BD4 /* Assets.xcassets */; };
		20B4284E1DD291E800F83BD4 /* LaunchScreen.storyboard in Resources */ = {isa = PBXBuildFile; fileRef = 20B4284C1DD291E800F83BD4 /* LaunchScreen.storyboard */; };
		20B428581DD292F300F83BD4 /* human.png in Resources */ = {isa = PBXBuildFile; fileRef = 20B428551DD292F300F83BD4 /* human.png */; };
		20B428591DD292F300F83BD4 /* push.png in Resources */ = {isa = PBXBuildFile; fileRef = 20B428561DD292F300F83BD4 /* push.png */; };
		20B4285A1DD292F300F83BD4 /* write.png in Resources */ = {isa = PBXBuildFile; fileRef = 20B428571DD292F300F83BD4 /* write.png */; };
/* End PBXBuildFile section */

/* Begin PBXFileReference section */
		20B428401DD291E800F83BD4 /* SwiftLINEpush.app */ = {isa = PBXFileReference; explicitFileType = wrapper.application; includeInIndex = 0; path = SwiftLINEpush.app; sourceTree = BUILT_PRODUCTS_DIR; };
		20B428431DD291E800F83BD4 /* AppDelegate.swift */ = {isa = PBXFileReference; lastKnownFileType = sourcecode.swift; path = AppDelegate.swift; sourceTree = "<group>"; };
		20B428451DD291E800F83BD4 /* ViewController.swift */ = {isa = PBXFileReference; lastKnownFileType = sourcecode.swift; path = ViewController.swift; sourceTree = "<group>"; };
		20B428481DD291E800F83BD4 /* Base */ = {isa = PBXFileReference; lastKnownFileType = file.storyboard; name = Base; path = Base.lproj/Main.storyboard; sourceTree = "<group>"; };
		20B4284A1DD291E800F83BD4 /* Assets.xcassets */ = {isa = PBXFileReference; lastKnownFileType = folder.assetcatalog; path = Assets.xcassets; sourceTree = "<group>"; };
		20B4284D1DD291E800F83BD4 /* Base */ = {isa = PBXFileReference; lastKnownFileType = file.storyboard; name = Base; path = Base.lproj/LaunchScreen.storyboard; sourceTree = "<group>"; };
		20B4284F1DD291E800F83BD4 /* Info.plist */ = {isa = PBXFileReference; lastKnownFileType = text.plist.xml; path = Info.plist; sourceTree = "<group>"; };
		20B428551DD292F300F83BD4 /* human.png */ = {isa = PBXFileReference; lastKnownFileType = image.png; path = human.png; sourceTree = "<group>"; };
		20B428561DD292F300F83BD4 /* push.png */ = {isa = PBXFileReference; lastKnownFileType = image.png; path = push.png; sourceTree = "<group>"; };
		20B428571DD292F300F83BD4 /* write.png */ = {isa = PBXFileReference; lastKnownFileType = image.png; path = write.png; sourceTree = "<group>"; };
/* End PBXFileReference section */

/* Begin PBXFrameworksBuildPhase section */
		20B4283D1DD291E800F83BD4 /* Frameworks */ = {
			isa = PBXFrameworksBuildPhase;
			buildActionMask = 2147483647;
			files = (
			);
			runOnlyForDeploymentPostprocessing = 0;
		};
/* End PBXFrameworksBuildPhase section */

/* Begin PBXGroup section */
		20B428371DD291E800F83BD4 = {
			isa = PBXGroup;
			children = (
				20B428421DD291E800F83BD4 /* SwiftLINEpush */,
				20B428411DD291E800F83BD4 /* Products */,
			);
			sourceTree = "<group>";
		};
		20B428411DD291E800F83BD4 /* Products */ = {
			isa = PBXGroup;
			children = (
				20B428401DD291E800F83BD4 /* SwiftLINEpush.app */,
			);
			name = Products;
			sourceTree = "<group>";
		};
		20B428421DD291E800F83BD4 /* SwiftLINEpush */ = {
			isa = PBXGroup;
			children = (
				20B428551DD292F300F83BD4 /* human.png */,
				20B428561DD292F300F83BD4 /* push.png */,
				20B428571DD292F300F83BD4 /* write.png */,
				20B428431DD291E800F83BD4 /* AppDelegate.swift */,
				20B428451DD291E800F83BD4 /* ViewController.swift */,
				20B428471DD291E800F83BD4 /* Main.storyboard */,
				20B4284A1DD291E800F83BD4 /* Assets.xcassets */,
				20B4284C1DD291E800F83BD4 /* LaunchScreen.storyboard */,
				20B4284F1DD291E800F83BD4 /* Info.plist */,
			);
			path = SwiftLINEpush;
			sourceTree = "<group>";
		};
/* End PBXGroup section */

/* Begin PBXNativeTarget section */
		20B4283F1DD291E800F83BD4 /* SwiftLINEpush */ = {
			isa = PBXNativeTarget;
			buildConfigurationList = 20B428521DD291E800F83BD4 /* Build configuration list for PBXNativeTarget "SwiftLINEpush" */;
			buildPhases = (
				20B4283C1DD291E800F83BD4 /* Sources */,
				20B4283D1DD291E800F83BD4 /* Frameworks */,
				20B4283E1DD291E800F83BD4 /* Resources */,
			);
			buildRules = (
			);
			dependencies = (
			);
			name = SwiftLINEpush;
			productName = SwiftLINEpush;
			productReference = 20B428401DD291E800F83BD4 /* SwiftLINEpush.app */;
			productType = "com.apple.product-type.application";
		};
/* End PBXNativeTarget section */

/* Begin PBXProject section */
		20B428381DD291E800F83BD4 /* Project object */ = {
			isa = PBXProject;
			attributes = {
				LastSwiftUpdateCheck = 0810;
				LastUpgradeCheck = 0810;
				ORGANIZATIONNAME = KatoTakashi;
				TargetAttributes = {
					20B4283F1DD291E800F83BD4 = {
						CreatedOnToolsVersion = 8.1;
						ProvisioningStyle = Automatic;
					};
				};
			};
			buildConfigurationList = 20B4283B1DD291E800F83BD4 /* Build configuration list for PBXProject "SwiftLINEpush" */;
			compatibilityVersion = "Xcode 3.2";
			developmentRegion = English;
			hasScannedForEncodings = 0;
			knownRegions = (
				en,
				Base,
			);
			mainGroup = 20B428371DD291E800F83BD4;
			productRefGroup = 20B428411DD291E800F83BD4 /* Products */;
			projectDirPath = "";
			projectRoot = "";
			targets = (
				20B4283F1DD291E800F83BD4 /* SwiftLINEpush */,
			);
		};
/* End PBXProject section */

/* Begin PBXResourcesBuildPhase section */
		20B4283E1DD291E800F83BD4 /* Resources */ = {
			isa = PBXResourcesBuildPhase;
			buildActionMask = 2147483647;
			files = (
				20B4284E1DD291E800F83BD4 /* LaunchScreen.storyboard in Resources */,
				20B4285A1DD292F300F83BD4 /* write.png in Resources */,
				20B428591DD292F300F83BD4 /* push.png in Resources */,
				20B428581DD292F300F83BD4 /* human.png in Resources */,
				20B4284B1DD291E800F83BD4 /* Assets.xcassets in Resources */,
				20B428491DD291E800F83BD4 /* Main.storyboard in Resources */,
			);
			runOnlyForDeploymentPostprocessing = 0;
		};
/* End PBXResourcesBuildPhase section */

/* Begin PBXSourcesBuildPhase section */
		20B4283C1DD291E800F83BD4 /* Sources */ = {
			isa = PBXSourcesBuildPhase;
			buildActionMask = 2147483647;
			files = (
				20B428461DD291E800F83BD4 /* ViewController.swift in Sources */,
				20B428441DD291E800F83BD4 /* AppDelegate.swift in Sources */,
			);
			runOnlyForDeploymentPostprocessing = 0;
		};
/* End PBXSourcesBuildPhase section */

/* Begin PBXVariantGroup section */
		20B428471DD291E800F83BD4 /* Main.storyboard */ = {
			isa = PBXVariantGroup;
			children = (
				20B428481DD291E800F83BD4 /* Base */,
			);
			name = Main.storyboard;
			sourceTree = "<group>";
		};
		20B4284C1DD291E800F83BD4 /* LaunchScreen.storyboard */ = {
			isa = PBXVariantGroup;
			children = (
				20B4284D1DD291E800F83BD4 /* Base */,
			);
			name = LaunchScreen.storyboard;
			sourceTree = "<group>";
		};
/* End PBXVariantGroup section */

/* Begin XCBuildConfiguration section */
		20B428501DD291E800F83BD4 /* Debug */ = {
			isa = XCBuildConfiguration;
			buildSettings = {
				ALWAYS_SEARCH_USER_PATHS = NO;
				CLANG_ANALYZER_NONNULL = YES;
				CLANG_CXX_LANGUAGE_STANDARD = "gnu++0x";
				CLANG_CXX_LIBRARY = "libc++";
				CLANG_ENABLE_MODULES = YES;
				CLANG_ENABLE_OBJC_ARC = YES;
				CLANG_WARN_BOOL_CONVERSION = YES;
				CLANG_WARN_CONSTANT_CONVERSION = YES;
				CLANG_WARN_DIRECT_OBJC_ISA_USAGE = YES_ERROR;
				CLANG_WARN_DOCUMENTATION_COMMENTS = YES;
				CLANG_WARN_EMPTY_BODY = YES;
				CLANG_WARN_ENUM_CONVERSION = YES;
				CLANG_WARN_INFINITE_RECURSION = YES;
				CLANG_WARN_INT_CONVERSION = YES;
				CLANG_WARN_OBJC_ROOT_CLASS = YES_ERROR;
				CLANG_WARN_SUSPICIOUS_MOVES = YES;
				CLANG_WARN_UNREACHABLE_CODE = YES;
				CLANG_WARN__DUPLICATE_METHOD_MATCH = YES;
				"CODE_SIGN_IDENTITY[sdk=iphoneos*]" = "iPhone Developer";
				COPY_PHASE_STRIP = NO;
				DEBUG_INFORMATION_FORMAT = dwarf;
				ENABLE_STRICT_OBJC_MSGSEND = YES;
				ENABLE_TESTABILITY = YES;
				GCC_C_LANGUAGE_STANDARD = gnu99;
				GCC_DYNAMIC_NO_PIC = NO;
				GCC_NO_COMMON_BLOCKS = YES;
				GCC_OPTIMIZATION_LEVEL = 0;
				GCC_PREPROCESSOR_DEFINITIONS = (
					"DEBUG=1",
					"$(inherited)",
				);
				GCC_WARN_64_TO_32_BIT_CONVERSION = YES;
				GCC_WARN_ABOUT_RETURN_TYPE = YES_ERROR;
				GCC_WARN_UNDECLARED_SELECTOR = YES;
				GCC_WARN_UNINITIALIZED_AUTOS = YES_AGGRESSIVE;
				GCC_WARN_UNUSED_FUNCTION = YES;
				GCC_WARN_UNUSED_VARIABLE = YES;
				IPHONEOS_DEPLOYMENT_TARGET = 10.1;
				MTL_ENABLE_DEBUG_INFO = YES;
				ONLY_ACTIVE_ARCH = YES;
				SDKROOT = iphoneos;
				SWIFT_ACTIVE_COMPILATION_CONDITIONS = DEBUG;
				SWIFT_OPTIMIZATION_LEVEL = "-Onone";
			};
			name = Debug;
		};
		20B428511DD291E800F83BD4 /* Release */ = {
			isa = XCBuildConfiguration;
			buildSettings = {
				ALWAYS_SEARCH_USER_PATHS = NO;
				CLANG_ANALYZER_NONNULL = YES;
				CLANG_CXX_LANGUAGE_STANDARD = "gnu++0x";
				CLANG_CXX_LIBRARY = "libc++";
				CLANG_ENABLE_MODULES = YES;
				CLANG_ENABLE_OBJC_ARC = YES;
				CLANG_WARN_BOOL_CONVERSION = YES;
				CLANG_WARN_CONSTANT_CONVERSION = YES;
				CLANG_WARN_DIRECT_OBJC_ISA_USAGE = YES_ERROR;
				CLANG_WARN_DOCUMENTATION_COMMENTS = YES;
				CLANG_WARN_EMPTY_BODY = YES;
				CLANG_WARN_ENUM_CONVERSION = YES;
				CLANG_WARN_INFINITE_RECURSION = YES;
				CLANG_WARN_INT_CONVERSION = YES;
				CLANG_WARN_OBJC_ROOT_CLASS = YES_ERROR;
				CLANG_WARN_SUSPICIOUS_MOVES = YES;
				CLANG_WARN_UNREACHABLE_CODE = YES;
				CLANG_WARN__DUPLICATE_METHOD_MATCH = YES;
				"CODE_SIGN_IDENTITY[sdk=iphoneos*]" = "iPhone Developer";
				COPY_PHASE_STRIP = NO;
				DEBUG_INFORMATION_FORMAT = "dwarf-with-dsym";
				ENABLE_NS_ASSERTIONS = NO;
				ENABLE_STRICT_OBJC_MSGSEND = YES;
				GCC_C_LANGUAGE_STANDARD = gnu99;
				GCC_NO_COMMON_BLOCKS = YES;
				GCC_WARN_64_TO_32_BIT_CONVERSION = YES;
				GCC_WARN_ABOUT_RETURN_TYPE = YES_ERROR;
				GCC_WARN_UNDECLARED_SELECTOR = YES;
				GCC_WARN_UNINITIALIZED_AUTOS = YES_AGGRESSIVE;
				GCC_WARN_UNUSED_FUNCTION = YES;
				GCC_WARN_UNUSED_VARIABLE = YES;
				IPHONEOS_DEPLOYMENT_TARGET = 10.1;
				MTL_ENABLE_DEBUG_INFO = NO;
				SDKROOT = iphoneos;
				SWIFT_OPTIMIZATION_LEVEL = "-Owholemodule";
				VALIDATE_PRODUCT = YES;
			};
			name = Release;
		};
		20B428531DD291E800F83BD4 /* Debug */ = {
			isa = XCBuildConfiguration;
			buildSettings = {
				ASSETCATALOG_COMPILER_APPICON_NAME = AppIcon;
				INFOPLIST_FILE = SwiftLINEpush/Info.plist;
				LD_RUNPATH_SEARCH_PATHS = "$(inherited) @executable_path/Frameworks";
				PRODUCT_BUNDLE_IDENTIFIER = "com.lucky-ponies.SwiftLINEpush";
				PRODUCT_NAME = "$(TARGET_NAME)";
				SWIFT_VERSION = 3.0;
			};
			name = Debug;
		};
		20B428541DD291E800F83BD4 /* Release */ = {
			isa = XCBuildConfiguration;
			buildSettings = {
				ASSETCATALOG_COMPILER_APPICON_NAME = AppIcon;
				INFOPLIST_FILE = SwiftLINEpush/Info.plist;
				LD_RUNPATH_SEARCH_PATHS = "$(inherited) @executable_path/Frameworks";
				PRODUCT_BUNDLE_IDENTIFIER = "com.lucky-ponies.SwiftLINEpush";
				PRODUCT_NAME = "$(TARGET_NAME)";
				SWIFT_VERSION = 3.0;
			};
			name = Release;
		};
/* End XCBuildConfiguration section */

/* Begin XCConfigurationList section */
		20B4283B1DD291E800F83BD4 /* Build configuration list for PBXProject "SwiftLINEpush" */ = {
			isa = XCConfigurationList;
			buildConfigurations = (
				20B428501DD291E800F83BD4 /* Debug */,
				20B428511DD291E800F83BD4 /* Release */,
			);
			defaultConfigurationIsVisible = 0;
			defaultConfigurationName = Release;
		};
		20B428521DD291E800F83BD4 /* Build configuration list for PBXNativeTarget "SwiftLINEpush" */ = {
			isa = XCConfigurationList;
			buildConfigurations = (
				20B428531DD291E800F83BD4 /* Debug */,
				20B428541DD291E800F83BD4 /* Release */,
			);
			defaultConfigurationIsVisible = 0;
		};
/* End XCConfigurationList section */
	};
	rootObject = 20B428381DD291E800F83BD4 /* Project object */;
}
